
Microsoft Visual Studio Solution File, Format Version 12.00
# Visual Studio Version 16
VisualStudioVersion = 16.0.33328.57
MinimumVisualStudioVersion = 10.0.40219.1
Project("{9A19103F-16F7-4668-BE54-9A1E7A4F7556}") = "TestForUP01", "TestForUP01\TestForUP01.csproj", "{968E169C-ED49-47D0-B5BE-6294D0C8275E}"
EndProject
Global
	GlobalSection(SolutionConfigurationPlatforms) = preSolution
		Debug|Any CPU = Debug|Any CPU
		Release|Any CPU = Release|Any CPU
	EndGlobalSection
	GlobalSection(ProjectConfigurationPlatforms) = postSolution
		{968E169C-ED49-47D0-B5BE-6294D0C8275E}.Debug|Any CPU.ActiveCfg = Debug|Any CPU
		{968E169C-ED49-47D0-B5BE-6294D0C8275E}.Debug|Any CPU.Build.0 = Debug|Any CPU
		{968E169C-ED49-47D0-B5BE-6294D0C8275E}.Release|Any CPU.ActiveCfg = Release|Any CPU
		{968E169C-ED49-47D0-B5BE-6294D0C8275E}.Release|Any CPU.Build.0 = Release|Any CPU
	EndGlobalSection
	GlobalSection(SolutionProperties) = preSolution
		HideSolutionNode = FALSE
	EndGlobalSection
	GlobalSection(ExtensibilityGlobals) = postSolution
		SolutionGuid = {C83D6F40-6FB5-40B9-8972-E4E7D2821FF2}
	EndGlobalSection
EndGlobal
